{
  "name": "strapi-plugin-query-builder",
  "version": "0.0.1",
  "lockfileVersion": 2,
  "requires": true,
  "packages": {
    "": {
      "name": "strapi-plugin-query-builder",
      "version": "0.0.1",
      "license": "MIT",
      "devDependencies": {
        "react-intl": "^6.0.3"
      },
      "engines": {
        "node": "16.15.0",
        "npm": "8.5.5",
        "yarn": "3.2.1"
      }
    },
    "node_modules/@formatjs/ecma402-abstract": {
      "version": "1.11.6",
      "resolved": "https://registry.npmjs.org/@formatjs/ecma402-abstract/-/ecma402-abstract-1.11.6.tgz",
      "integrity": "sha512-6TcI+IroIK+GTWXBJ643LBJklmCBsqLt1sUTGWfzdBcI5Y6b1L1iamrJB1B5OAQLnhzWveLbmzPYHYsFEZfeig==",
      "dev": true,
      "dependencies": {
        "@formatjs/intl-localematcher": "0.2.27",
        "tslib": "2.4.0"
      }
    },
    "node_modules/@formatjs/fast-memoize": {
      "version": "1.2.3",
      "resolved": "https://registry.npmjs.org/@formatjs/fast-memoize/-/fast-memoize-1.2.3.tgz",
      "integrity": "sha512-RVI3e4M7mIxAhKbbyS78H8++fsoiSRZgxh0zReHfvV6p1cpfgG2/k2qJYhJq0RXh6orVtUEsQ3xK9i4tDfsOSg==",
      "dev": true,
      "dependencies": {
        "tslib": "2.4.0"
      }
    },
    "node_modules/@formatjs/icu-messageformat-parser": {
      "version": "2.1.2",
      "resolved": "https://registry.npmjs.org/@formatjs/icu-messageformat-parser/-/icu-messageformat-parser-2.1.2.tgz",
      "integrity": "sha512-FYQ2pkgbDJxJlst/U5MU2H7+bR9HrZ4x8J4c0etrya24pJzQxYguVlAhc2S6NoEImlQ2LmIIGsURaBQu9bCtew==",
      "dev": true,
      "dependencies": {
        "@formatjs/ecma402-abstract": "1.11.6",
        "@formatjs/icu-skeleton-parser": "1.3.8",
        "tslib": "2.4.0"
      }
    },
    "node_modules/@formatjs/icu-skeleton-parser": {
      "version": "1.3.8",
      "resolved": "https://registry.npmjs.org/@formatjs/icu-skeleton-parser/-/icu-skeleton-parser-1.3.8.tgz",
      "integrity": "sha512-CVdsPMs/KvrIDKhMDw8bSq/Zst2bhdn/bTUfVCHi/c/bj462lChIJmW/JP/FaGKgZzdG8slGyVIFLonpG4uqFA==",
      "dev": true,
      "dependencies": {
        "@formatjs/ecma402-abstract": "1.11.6",
        "tslib": "2.4.0"
      }
    },
    "node_modules/@formatjs/intl": {
      "version": "2.2.5",
      "resolved": "https://registry.npmjs.org/@formatjs/intl/-/intl-2.2.5.tgz",
      "integrity": "sha512-b0+5Bjsl3KDAII2frBPRO7ck9Ec/xqZ25BoiJATJhe//e4n6FOvVXk5QKYwBQPDt3JPu/Qa14oqHDiZlZmVdSg==",
      "dev": true,
      "dependencies": {
        "@formatjs/ecma402-abstract": "1.11.6",
        "@formatjs/fast-memoize": "1.2.3",
        "@formatjs/icu-messageformat-parser": "2.1.2",
        "@formatjs/intl-displaynames": "6.0.1",
        "@formatjs/intl-listformat": "7.0.1",
        "intl-messageformat": "10.0.1",
        "tslib": "2.4.0"
      },
      "peerDependencies": {
        "typescript": "^4.5"
      },
      "peerDependenciesMeta": {
        "typescript": {
          "optional": true
        }
      }
    },
    "node_modules/@formatjs/intl-displaynames": {
      "version": "6.0.1",
      "resolved": "https://registry.npmjs.org/@formatjs/intl-displaynames/-/intl-displaynames-6.0.1.tgz",
      "integrity": "sha512-KPfB+mOIzcptAzpNIciDc+rK4kRCg5aTCXPr5feIWNxvd/H1Wr3cVVDV2YGdPn+Woo9b1K4cnUi3b1IvBFQ/5g==",
      "dev": true,
      "dependencies": {
        "@formatjs/ecma402-abstract": "1.11.6",
        "@formatjs/intl-localematcher": "0.2.27",
        "tslib": "2.4.0"
      }
    },
    "node_modules/@formatjs/intl-listformat": {
      "version": "7.0.1",
      "resolved": "https://registry.npmjs.org/@formatjs/intl-listformat/-/intl-listformat-7.0.1.tgz",
      "integrity": "sha512-sgE4B9+mu3ZF77vhZB0tR8O3evvcPA//WbA/8UJ21XOrSzfY6RXhSbvDfSd7Y5iEeBu+2C+5YxDuAwLnvq2SnQ==",
      "dev": true,
      "dependencies": {
        "@formatjs/ecma402-abstract": "1.11.6",
        "@formatjs/intl-localematcher": "0.2.27",
        "tslib": "2.4.0"
      }
    },
    "node_modules/@formatjs/intl-localematcher": {
      "version": "0.2.27",
      "resolved": "https://registry.npmjs.org/@formatjs/intl-localematcher/-/intl-localematcher-0.2.27.tgz",
      "integrity": "sha512-XHYcVas2ebDTh3VtfdluvbTjqyMUHqFHARnuJo5KYF/0MKOTmozVSK7PJGnu1IEHdmRdTWuG6TB+2RnkasaxVw==",
      "dev": true,
      "dependencies": {
        "tslib": "2.4.0"
      }
    },
    "node_modules/@types/hoist-non-react-statics": {
      "version": "3.3.1",
      "resolved": "https://registry.npmjs.org/@types/hoist-non-react-statics/-/hoist-non-react-statics-3.3.1.tgz",
      "integrity": "sha512-iMIqiko6ooLrTh1joXodJK5X9xeEALT1kM5G3ZLhD3hszxBdIEd5C75U834D9mLcINgD4OyZf5uQXjkuYydWvA==",
      "dev": true,
      "dependencies": {
        "@types/react": "*",
        "hoist-non-react-statics": "^3.3.0"
      }
    },
    "node_modules/@types/prop-types": {
      "version": "15.7.5",
      "resolved": "https://registry.npmjs.org/@types/prop-types/-/prop-types-15.7.5.tgz",
      "integrity": "sha512-JCB8C6SnDoQf0cNycqd/35A7MjcnK+ZTqE7judS6o7utxUCg6imJg3QK2qzHKszlTjcj2cn+NwMB2i96ubpj7w==",
      "dev": true
    },
    "node_modules/@types/react": {
      "version": "18.0.9",
      "resolved": "https://registry.npmjs.org/@types/react/-/react-18.0.9.tgz",
      "integrity": "sha512-9bjbg1hJHUm4De19L1cHiW0Jvx3geel6Qczhjd0qY5VKVE2X5+x77YxAepuCwVh4vrgZJdgEJw48zrhRIeF4Nw==",
      "dev": true,
      "dependencies": {
        "@types/prop-types": "*",
        "@types/scheduler": "*",
        "csstype": "^3.0.2"
      }
    },
    "node_modules/@types/scheduler": {
      "version": "0.16.2",
      "resolved": "https://registry.npmjs.org/@types/scheduler/-/scheduler-0.16.2.tgz",
      "integrity": "sha512-hppQEBDmlwhFAXKJX2KnWLYu5yMfi91yazPb2l+lbJiwW+wdo1gNeRA+3RgNSO39WYX2euey41KEwnqesU2Jew==",
      "dev": true
    },
    "node_modules/csstype": {
      "version": "3.1.0",
      "resolved": "https://registry.npmjs.org/csstype/-/csstype-3.1.0.tgz",
      "integrity": "sha512-uX1KG+x9h5hIJsaKR9xHUeUraxf8IODOwq9JLNPq6BwB04a/xgpq3rcx47l5BZu5zBPlgD342tdke3Hom/nJRA==",
      "dev": true
    },
    "node_modules/hoist-non-react-statics": {
      "version": "3.3.2",
      "resolved": "https://registry.npmjs.org/hoist-non-react-statics/-/hoist-non-react-statics-3.3.2.tgz",
      "integrity": "sha512-/gGivxi8JPKWNm/W0jSmzcMPpfpPLc3dY/6GxhX2hQ9iGj3aDfklV4ET7NjKpSinLpJ5vafa9iiGIEZg10SfBw==",
      "dev": true,
      "dependencies": {
        "react-is": "^16.7.0"
      }
    },
    "node_modules/intl-messageformat": {
      "version": "10.0.1",
      "resolved": "https://registry.npmjs.org/intl-messageformat/-/intl-messageformat-10.0.1.tgz",
      "integrity": "sha512-oZWDsNbauuWmPd98+zLEfNojuJkBdVpEWIcWQVCTxSJrhag2/czZnwKBsYa8NcVf4t0fWo0k77v+CBCudKEcjw==",
      "dev": true,
      "dependencies": {
        "@formatjs/ecma402-abstract": "1.11.6",
        "@formatjs/fast-memoize": "1.2.3",
        "@formatjs/icu-messageformat-parser": "2.1.2",
        "tslib": "2.4.0"
      }
    },
    "node_modules/js-tokens": {
      "version": "4.0.0",
      "resolved": "https://registry.npmjs.org/js-tokens/-/js-tokens-4.0.0.tgz",
      "integrity": "sha512-RdJUflcE3cUzKiMqQgsCu06FPu9UdIJO0beYbPhHN4k6apgJtifcoCtT9bcxOpYBtpD2kCM6Sbzg4CausW/PKQ==",
      "dev": true,
      "peer": true
    },
    "node_modules/loose-envify": {
      "version": "1.4.0",
      "resolved": "https://registry.npmjs.org/loose-envify/-/loose-envify-1.4.0.tgz",
      "integrity": "sha512-lyuxPGr/Wfhrlem2CL/UcnUc1zcqKAImBDzukY7Y5F/yQiNdko6+fRLevlw1HgMySw7f611UIY408EtxRSoK3Q==",
      "dev": true,
      "peer": true,
      "dependencies": {
        "js-tokens": "^3.0.0 || ^4.0.0"
      },
      "bin": {
        "loose-envify": "cli.js"
      }
    },
    "node_modules/react": {
      "version": "18.1.0",
      "resolved": "https://registry.npmjs.org/react/-/react-18.1.0.tgz",
      "integrity": "sha512-4oL8ivCz5ZEPyclFQXaNksK3adutVS8l2xzZU0cqEFrE9Sb7fC0EFK5uEk74wIreL1DERyjvsU915j1pcT2uEQ==",
      "dev": true,
      "peer": true,
      "dependencies": {
        "loose-envify": "^1.1.0"
      },
      "engines": {
        "node": ">=0.10.0"
      }
    },
    "node_modules/react-intl": {
      "version": "6.0.3",
      "resolved": "https://registry.npmjs.org/react-intl/-/react-intl-6.0.3.tgz",
      "integrity": "sha512-c6wHOnYjOBTbqIt+6TVV2QwdKrqYiFP713tMsw/sJWYgzfaRTjsvGkcxOXhX3SoBrqbUhKTEzjdniuwpAN/qKA==",
      "dev": true,
      "dependencies": {
        "@formatjs/ecma402-abstract": "1.11.6",
        "@formatjs/icu-messageformat-parser": "2.1.2",
        "@formatjs/intl": "2.2.5",
        "@formatjs/intl-displaynames": "6.0.1",
        "@formatjs/intl-listformat": "7.0.1",
        "@types/hoist-non-react-statics": "^3.3.1",
        "@types/react": "16 || 17 || 18",
        "hoist-non-react-statics": "^3.3.2",
        "intl-messageformat": "10.0.1",
        "tslib": "2.4.0"
      },
      "peerDependencies": {
        "react": "^16.6.0 || 17 || 18",
        "typescript": "^4.5"
      },
      "peerDependenciesMeta": {
        "typescript": {
          "optional": true
        }
      }
    },
    "node_modules/react-is": {
      "version": "16.13.1",
      "resolved": "https://registry.npmjs.org/react-is/-/react-is-16.13.1.tgz",
      "integrity": "sha512-24e6ynE2H+OKt4kqsOvNd8kBpV65zoxbA4BVsEOB3ARVWQki/DHzaUoC5KuON/BiccDaCCTZBuOcfZs70kR8bQ==",
      "dev": true
    },
    "node_modules/tslib": {
      "version": "2.4.0",
      "resolved": "https://registry.npmjs.org/tslib/-/tslib-2.4.0.tgz",
      "integrity": "sha512-d6xOpEDfsi2CZVlPQzGeux8XMwLT9hssAsaPYExaQMuYskwb+x1x7J371tWlbBdWHroy99KnVB6qIkUbs5X3UQ==",
      "dev": true
    }
  },
  "dependencies": {
    "@formatjs/ecma402-abstract": {
      "version": "1.11.6",
      "resolved": "https://registry.npmjs.org/@formatjs/ecma402-abstract/-/ecma402-abstract-1.11.6.tgz",
      "integrity": "sha512-6TcI+IroIK+GTWXBJ643LBJklmCBsqLt1sUTGWfzdBcI5Y6b1L1iamrJB1B5OAQLnhzWveLbmzPYHYsFEZfeig==",
      "dev": true,
      "requires": {
        "@formatjs/intl-localematcher": "0.2.27",
        "tslib": "2.4.0"
      }
    },
    "@formatjs/fast-memoize": {
      "version": "1.2.3",
      "resolved": "https://registry.npmjs.org/@formatjs/fast-memoize/-/fast-memoize-1.2.3.tgz",
      "integrity": "sha512-RVI3e4M7mIxAhKbbyS78H8++fsoiSRZgxh0zReHfvV6p1cpfgG2/k2qJYhJq0RXh6orVtUEsQ3xK9i4tDfsOSg==",
      "dev": true,
      "requires": {
        "tslib": "2.4.0"
      }
    },
    "@formatjs/icu-messageformat-parser": {
      "version": "2.1.2",
      "resolved": "https://registry.npmjs.org/@formatjs/icu-messageformat-parser/-/icu-messageformat-parser-2.1.2.tgz",
      "integrity": "sha512-FYQ2pkgbDJxJlst/U5MU2H7+bR9HrZ4x8J4c0etrya24pJzQxYguVlAhc2S6NoEImlQ2LmIIGsURaBQu9bCtew==",
      "dev": true,
      "requires": {
        "@formatjs/ecma402-abstract": "1.11.6",
        "@formatjs/icu-skeleton-parser": "1.3.8",
        "tslib": "2.4.0"
      }
    },
    "@formatjs/icu-skeleton-parser": {
      "version": "1.3.8",
      "resolved": "https://registry.npmjs.org/@formatjs/icu-skeleton-parser/-/icu-skeleton-parser-1.3.8.tgz",
      "integrity": "sha512-CVdsPMs/KvrIDKhMDw8bSq/Zst2bhdn/bTUfVCHi/c/bj462lChIJmW/JP/FaGKgZzdG8slGyVIFLonpG4uqFA==",
      "dev": true,
      "requires": {
        "@formatjs/ecma402-abstract": "1.11.6",
        "tslib": "2.4.0"
      }
    },
    "@formatjs/intl": {
      "version": "2.2.5",
      "resolved": "https://registry.npmjs.org/@formatjs/intl/-/intl-2.2.5.tgz",
      "integrity": "sha512-b0+5Bjsl3KDAII2frBPRO7ck9Ec/xqZ25BoiJATJhe//e4n6FOvVXk5QKYwBQPDt3JPu/Qa14oqHDiZlZmVdSg==",
      "dev": true,
      "requires": {
        "@formatjs/ecma402-abstract": "1.11.6",
        "@formatjs/fast-memoize": "1.2.3",
        "@formatjs/icu-messageformat-parser": "2.1.2",
        "@formatjs/intl-displaynames": "6.0.1",
        "@formatjs/intl-listformat": "7.0.1",
        "intl-messageformat": "10.0.1",
        "tslib": "2.4.0"
      }
    },
    "@formatjs/intl-displaynames": {
      "version": "6.0.1",
      "resolved": "https://registry.npmjs.org/@formatjs/intl-displaynames/-/intl-displaynames-6.0.1.tgz",
      "integrity": "sha512-KPfB+mOIzcptAzpNIciDc+rK4kRCg5aTCXPr5feIWNxvd/H1Wr3cVVDV2YGdPn+Woo9b1K4cnUi3b1IvBFQ/5g==",
      "dev": true,
      "requires": {
        "@formatjs/ecma402-abstract": "1.11.6",
        "@formatjs/intl-localematcher": "0.2.27",
        "tslib": "2.4.0"
      }
    },
    "@formatjs/intl-listformat": {
      "version": "7.0.1",
      "resolved": "https://registry.npmjs.org/@formatjs/intl-listformat/-/intl-listformat-7.0.1.tgz",
      "integrity": "sha512-sgE4B9+mu3ZF77vhZB0tR8O3evvcPA//WbA/8UJ21XOrSzfY6RXhSbvDfSd7Y5iEeBu+2C+5YxDuAwLnvq2SnQ==",
      "dev": true,
      "requires": {
        "@formatjs/ecma402-abstract": "1.11.6",
        "@formatjs/intl-localematcher": "0.2.27",
        "tslib": "2.4.0"
      }
    },
    "@formatjs/intl-localematcher": {
      "version": "0.2.27",
      "resolved": "https://registry.npmjs.org/@formatjs/intl-localematcher/-/intl-localematcher-0.2.27.tgz",
      "integrity": "sha512-XHYcVas2ebDTh3VtfdluvbTjqyMUHqFHARnuJo5KYF/0MKOTmozVSK7PJGnu1IEHdmRdTWuG6TB+2RnkasaxVw==",
      "dev": true,
      "requires": {
        "tslib": "2.4.0"
      }
    },
    "@types/hoist-non-react-statics": {
      "version": "3.3.1",
      "resolved": "https://registry.npmjs.org/@types/hoist-non-react-statics/-/hoist-non-react-statics-3.3.1.tgz",
      "integrity": "sha512-iMIqiko6ooLrTh1joXodJK5X9xeEALT1kM5G3ZLhD3hszxBdIEd5C75U834D9mLcINgD4OyZf5uQXjkuYydWvA==",
      "dev": true,
      "requires": {
        "@types/react": "*",
        "hoist-non-react-statics": "^3.3.0"
      }
    },
    "@types/prop-types": {
      "version": "15.7.5",
      "resolved": "https://registry.npmjs.org/@types/prop-types/-/prop-types-15.7.5.tgz",
      "integrity": "sha512-JCB8C6SnDoQf0cNycqd/35A7MjcnK+ZTqE7judS6o7utxUCg6imJg3QK2qzHKszlTjcj2cn+NwMB2i96ubpj7w==",
      "dev": true
    },
    "@types/react": {
      "version": "18.0.9",
      "resolved": "https://registry.npmjs.org/@types/react/-/react-18.0.9.tgz",
      "integrity": "sha512-9bjbg1hJHUm4De19L1cHiW0Jvx3geel6Qczhjd0qY5VKVE2X5+x77YxAepuCwVh4vrgZJdgEJw48zrhRIeF4Nw==",
      "dev": true,
      "requires": {
        "@types/prop-types": "*",
        "@types/scheduler": "*",
        "csstype": "^3.0.2"
      }
    },
    "@types/scheduler": {
      "version": "0.16.2",
      "resolved": "https://registry.npmjs.org/@types/scheduler/-/scheduler-0.16.2.tgz",
      "integrity": "sha512-hppQEBDmlwhFAXKJX2KnWLYu5yMfi91yazPb2l+lbJiwW+wdo1gNeRA+3RgNSO39WYX2euey41KEwnqesU2Jew==",
      "dev": true
    },
    "csstype": {
      "version": "3.1.0",
      "resolved": "https://registry.npmjs.org/csstype/-/csstype-3.1.0.tgz",
      "integrity": "sha512-uX1KG+x9h5hIJsaKR9xHUeUraxf8IODOwq9JLNPq6BwB04a/xgpq3rcx47l5BZu5zBPlgD342tdke3Hom/nJRA==",
      "dev": true
    },
    "hoist-non-react-statics": {
      "version": "3.3.2",
      "resolved": "https://registry.npmjs.org/hoist-non-react-statics/-/hoist-non-react-statics-3.3.2.tgz",
      "integrity": "sha512-/gGivxi8JPKWNm/W0jSmzcMPpfpPLc3dY/6GxhX2hQ9iGj3aDfklV4ET7NjKpSinLpJ5vafa9iiGIEZg10SfBw==",
      "dev": true,
      "requires": {
        "react-is": "^16.7.0"
      }
    },
    "intl-messageformat": {
      "version": "10.0.1",
      "resolved": "https://registry.npmjs.org/intl-messageformat/-/intl-messageformat-10.0.1.tgz",
      "integrity": "sha512-oZWDsNbauuWmPd98+zLEfNojuJkBdVpEWIcWQVCTxSJrhag2/czZnwKBsYa8NcVf4t0fWo0k77v+CBCudKEcjw==",
      "dev": true,
      "requires": {
        "@formatjs/ecma402-abstract": "1.11.6",
        "@formatjs/fast-memoize": "1.2.3",
        "@formatjs/icu-messageformat-parser": "2.1.2",
        "tslib": "2.4.0"
      }
    },
    "js-tokens": {
      "version": "4.0.0",
      "resolved": "https://registry.npmjs.org/js-tokens/-/js-tokens-4.0.0.tgz",
      "integrity": "sha512-RdJUflcE3cUzKiMqQgsCu06FPu9UdIJO0beYbPhHN4k6apgJtifcoCtT9bcxOpYBtpD2kCM6Sbzg4CausW/PKQ==",
      "dev": true,
      "peer": true
    },
    "loose-envify": {
      "version": "1.4.0",
      "resolved": "https://registry.npmjs.org/loose-envify/-/loose-envify-1.4.0.tgz",
      "integrity": "sha512-lyuxPGr/Wfhrlem2CL/UcnUc1zcqKAImBDzukY7Y5F/yQiNdko6+fRLevlw1HgMySw7f611UIY408EtxRSoK3Q==",
      "dev": true,
      "peer": true,
      "requires": {
        "js-tokens": "^3.0.0 || ^4.0.0"
      }
    },
    "react": {
      "version": "18.1.0",
      "resolved": "https://registry.npmjs.org/react/-/react-18.1.0.tgz",
      "integrity": "sha512-4oL8ivCz5ZEPyclFQXaNksK3adutVS8l2xzZU0cqEFrE9Sb7fC0EFK5uEk74wIreL1DERyjvsU915j1pcT2uEQ==",
      "dev": true,
      "peer": true,
      "requires": {
        "loose-envify": "^1.1.0"
      }
    },
    "react-intl": {
      "version": "6.0.3",
      "resolved": "https://registry.npmjs.org/react-intl/-/react-intl-6.0.3.tgz",
      "integrity": "sha512-c6wHOnYjOBTbqIt+6TVV2QwdKrqYiFP713tMsw/sJWYgzfaRTjsvGkcxOXhX3SoBrqbUhKTEzjdniuwpAN/qKA==",
      "dev": true,
      "requires": {
        "@formatjs/ecma402-abstract": "1.11.6",
        "@formatjs/icu-messageformat-parser": "2.1.2",
        "@formatjs/intl": "2.2.5",
        "@formatjs/intl-displaynames": "6.0.1",
        "@formatjs/intl-listformat": "7.0.1",
        "@types/hoist-non-react-statics": "^3.3.1",
        "@types/react": "16 || 17 || 18",
        "hoist-non-react-statics": "^3.3.2",
        "intl-messageformat": "10.0.1",
        "tslib": "2.4.0"
      }
    },
    "react-is": {
      "version": "16.13.1",
      "resolved": "https://registry.npmjs.org/react-is/-/react-is-16.13.1.tgz",
      "integrity": "sha512-24e6ynE2H+OKt4kqsOvNd8kBpV65zoxbA4BVsEOB3ARVWQki/DHzaUoC5KuON/BiccDaCCTZBuOcfZs70kR8bQ==",
      "dev": true
    },
    "tslib": {
      "version": "2.4.0",
      "resolved": "https://registry.npmjs.org/tslib/-/tslib-2.4.0.tgz",
      "integrity": "sha512-d6xOpEDfsi2CZVlPQzGeux8XMwLT9hssAsaPYExaQMuYskwb+x1x7J371tWlbBdWHroy99KnVB6qIkUbs5X3UQ==",
      "dev": true
    }
  }
}
